
Microsoft Visual Studio Solution File, Format Version 12.00
# Visual Studio Version 17
VisualStudioVersion = 17.7.34202.233
MinimumVisualStudioVersion = 10.0.40219.1
Project("{FAE04EC0-301F-11D3-BF4B-00C04F79EFBC}") = "01-App", "01-App\01-App.csproj", "{956ECC78-31F3-4A35-B523-9501D475BBD9}"
EndProject
Project("{FAE04EC0-301F-11D3-BF4B-00C04F79EFBC}") = "02-App", "..\02-App\02-App.csproj", "{A8B2D70E-8239-4997-B198-F44D81C03197}"
EndProject
Project("{FAE04EC0-301F-11D3-BF4B-00C04F79EFBC}") = "03-App", "..\03-App\03-App.csproj", "{2057980A-F196-4240-B66D-028F7DB9F0B0}"
EndProject
Project("{FAE04EC0-301F-11D3-BF4B-00C04F79EFBC}") = "04-App", "..\04-App\04-App.csproj", "{18DBF3F6-C285-400F-A17F-18D83FB0CAB5}"
EndProject
Project("{FAE04EC0-301F-11D3-BF4B-00C04F79EFBC}") = "05-App", "..\05-App\05-App.csproj", "{4E20D28E-3E87-415D-9CC3-48E1A6207AD1}"
EndProject
Project("{FAE04EC0-301F-11D3-BF4B-00C04F79EFBC}") = "06-App", "..\06-App\06-App.csproj", "{9F638A7C-5C24-4A85-804C-95CF6F46F71C}"
EndProject
Project("{FAE04EC0-301F-11D3-BF4B-00C04F79EFBC}") = "07-App", "..\07-App\07-App.csproj", "{3299AA62-07EF-4615-B87F-1337A0D5CECD}"
EndProject
Project("{FAE04EC0-301F-11D3-BF4B-00C04F79EFBC}") = "08-App", "..\08-App\08-App.csproj", "{AA0B2DB8-6CBD-48A0-883C-F1C404EBA490}"
EndProject
Project("{FAE04EC0-301F-11D3-BF4B-00C04F79EFBC}") = "09-Proyecto", "..\09-Proyecto\09-Proyecto.csproj", "{E875177B-2567-4849-851D-2DD165C9EDA0}"
EndProject
Project("{FAE04EC0-301F-11D3-BF4B-00C04F79EFBC}") = "10-App", "..\10-App\10-App.csproj", "{47BDE2D8-E43C-4C31-82F2-F2487590978C}"
EndProject
Project("{FAE04EC0-301F-11D3-BF4B-00C04F79EFBC}") = "11-App", "..\11-App\11-App.csproj", "{94D8DED9-A337-46A1-85FE-2885BBEFDCDC}"
EndProject
Project("{FAE04EC0-301F-11D3-BF4B-00C04F79EFBC}") = "12-App", "..\12-App\12-App.csproj", "{8AB7E222-3C7F-492D-A84B-F2F9FDD4D1B5}"
EndProject
Project("{FAE04EC0-301F-11D3-BF4B-00C04F79EFBC}") = "13-App", "..\13-App\13-App.csproj", "{E1528652-48B0-4F84-B25D-45F325D56EC9}"
EndProject
Project("{FAE04EC0-301F-11D3-BF4B-00C04F79EFBC}") = "14-App", "..\14-App\14-App.csproj", "{22E1095A-A5F5-4570-A05D-21514A372539}"
EndProject
Project("{FAE04EC0-301F-11D3-BF4B-00C04F79EFBC}") = "15-App", "..\ConsoleApp1\15-App.csproj", "{C8269DA2-860C-47C8-A7BC-8F4FD3AF0581}"
EndProject
Project("{FAE04EC0-301F-11D3-BF4B-00C04F79EFBC}") = "16-App", "..\ConsoleApp2\16-App.csproj", "{63237416-4FEB-403A-87F1-DF746635CEC5}"
EndProject
Project("{FAE04EC0-301F-11D3-BF4B-00C04F79EFBC}") = "17-App", "..\17-App\17-App.csproj", "{BE9C4776-CC65-466F-AB6A-4DF6AA912378}"
EndProject
Project("{FAE04EC0-301F-11D3-BF4B-00C04F79EFBC}") = "18-App", "..\18-App\18-App.csproj", "{B461CDC8-B0CE-457D-BD79-78690DF42BDC}"
EndProject
Global
	GlobalSection(SolutionConfigurationPlatforms) = preSolution
		Debug|Any CPU = Debug|Any CPU
		Release|Any CPU = Release|Any CPU
	EndGlobalSection
	GlobalSection(ProjectConfigurationPlatforms) = postSolution
		{956ECC78-31F3-4A35-B523-9501D475BBD9}.Debug|Any CPU.ActiveCfg = Debug|Any CPU
		{956ECC78-31F3-4A35-B523-9501D475BBD9}.Debug|Any CPU.Build.0 = Debug|Any CPU
		{956ECC78-31F3-4A35-B523-9501D475BBD9}.Release|Any CPU.ActiveCfg = Release|Any CPU
		{956ECC78-31F3-4A35-B523-9501D475BBD9}.Release|Any CPU.Build.0 = Release|Any CPU
		{A8B2D70E-8239-4997-B198-F44D81C03197}.Debug|Any CPU.ActiveCfg = Debug|Any CPU
		{A8B2D70E-8239-4997-B198-F44D81C03197}.Debug|Any CPU.Build.0 = Debug|Any CPU
		{A8B2D70E-8239-4997-B198-F44D81C03197}.Release|Any CPU.ActiveCfg = Release|Any CPU
		{A8B2D70E-8239-4997-B198-F44D81C03197}.Release|Any CPU.Build.0 = Release|Any CPU
		{2057980A-F196-4240-B66D-028F7DB9F0B0}.Debug|Any CPU.ActiveCfg = Debug|Any CPU
		{2057980A-F196-4240-B66D-028F7DB9F0B0}.Debug|Any CPU.Build.0 = Debug|Any CPU
		{2057980A-F196-4240-B66D-028F7DB9F0B0}.Release|Any CPU.ActiveCfg = Release|Any CPU
		{2057980A-F196-4240-B66D-028F7DB9F0B0}.Release|Any CPU.Build.0 = Release|Any CPU
		{18DBF3F6-C285-400F-A17F-18D83FB0CAB5}.Debug|Any CPU.ActiveCfg = Debug|Any CPU
		{18DBF3F6-C285-400F-A17F-18D83FB0CAB5}.Debug|Any CPU.Build.0 = Debug|Any CPU
		{18DBF3F6-C285-400F-A17F-18D83FB0CAB5}.Release|Any CPU.ActiveCfg = Release|Any CPU
		{18DBF3F6-C285-400F-A17F-18D83FB0CAB5}.Release|Any CPU.Build.0 = Release|Any CPU
		{4E20D28E-3E87-415D-9CC3-48E1A6207AD1}.Debug|Any CPU.ActiveCfg = Debug|Any CPU
		{4E20D28E-3E87-415D-9CC3-48E1A6207AD1}.Debug|Any CPU.Build.0 = Debug|Any CPU
		{4E20D28E-3E87-415D-9CC3-48E1A6207AD1}.Release|Any CPU.ActiveCfg = Release|Any CPU
		{4E20D28E-3E87-415D-9CC3-48E1A6207AD1}.Release|Any CPU.Build.0 = Release|Any CPU
		{9F638A7C-5C24-4A85-804C-95CF6F46F71C}.Debug|Any CPU.ActiveCfg = Debug|Any CPU
		{9F638A7C-5C24-4A85-804C-95CF6F46F71C}.Debug|Any CPU.Build.0 = Debug|Any CPU
		{9F638A7C-5C24-4A85-804C-95CF6F46F71C}.Release|Any CPU.ActiveCfg = Release|Any CPU
		{9F638A7C-5C24-4A85-804C-95CF6F46F71C}.Release|Any CPU.Build.0 = Release|Any CPU
		{3299AA62-07EF-4615-B87F-1337A0D5CECD}.Debug|Any CPU.ActiveCfg = Debug|Any CPU
		{3299AA62-07EF-4615-B87F-1337A0D5CECD}.Debug|Any CPU.Build.0 = Debug|Any CPU
		{3299AA62-07EF-4615-B87F-1337A0D5CECD}.Release|Any CPU.ActiveCfg = Release|Any CPU
		{3299AA62-07EF-4615-B87F-1337A0D5CECD}.Release|Any CPU.Build.0 = Release|Any CPU
		{AA0B2DB8-6CBD-48A0-883C-F1C404EBA490}.Debug|Any CPU.ActiveCfg = Debug|Any CPU
		{AA0B2DB8-6CBD-48A0-883C-F1C404EBA490}.Debug|Any CPU.Build.0 = Debug|Any CPU
		{AA0B2DB8-6CBD-48A0-883C-F1C404EBA490}.Release|Any CPU.ActiveCfg = Release|Any CPU
		{AA0B2DB8-6CBD-48A0-883C-F1C404EBA490}.Release|Any CPU.Build.0 = Release|Any CPU
		{E875177B-2567-4849-851D-2DD165C9EDA0}.Debug|Any CPU.ActiveCfg = Debug|Any CPU
		{E875177B-2567-4849-851D-2DD165C9EDA0}.Debug|Any CPU.Build.0 = Debug|Any CPU
		{E875177B-2567-4849-851D-2DD165C9EDA0}.Release|Any CPU.ActiveCfg = Release|Any CPU
		{E875177B-2567-4849-851D-2DD165C9EDA0}.Release|Any CPU.Build.0 = Release|Any CPU
		{47BDE2D8-E43C-4C31-82F2-F2487590978C}.Debug|Any CPU.ActiveCfg = Debug|Any CPU
		{47BDE2D8-E43C-4C31-82F2-F2487590978C}.Debug|Any CPU.Build.0 = Debug|Any CPU
		{47BDE2D8-E43C-4C31-82F2-F2487590978C}.Release|Any CPU.ActiveCfg = Release|Any CPU
		{47BDE2D8-E43C-4C31-82F2-F2487590978C}.Release|Any CPU.Build.0 = Release|Any CPU
		{94D8DED9-A337-46A1-85FE-2885BBEFDCDC}.Debug|Any CPU.ActiveCfg = Debug|Any CPU
		{94D8DED9-A337-46A1-85FE-2885BBEFDCDC}.Debug|Any CPU.Build.0 = Debug|Any CPU
		{94D8DED9-A337-46A1-85FE-2885BBEFDCDC}.Release|Any CPU.ActiveCfg = Release|Any CPU
		{94D8DED9-A337-46A1-85FE-2885BBEFDCDC}.Release|Any CPU.Build.0 = Release|Any CPU
		{8AB7E222-3C7F-492D-A84B-F2F9FDD4D1B5}.Debug|Any CPU.ActiveCfg = Debug|Any CPU
		{8AB7E222-3C7F-492D-A84B-F2F9FDD4D1B5}.Debug|Any CPU.Build.0 = Debug|Any CPU
		{8AB7E222-3C7F-492D-A84B-F2F9FDD4D1B5}.Release|Any CPU.ActiveCfg = Release|Any CPU
		{8AB7E222-3C7F-492D-A84B-F2F9FDD4D1B5}.Release|Any CPU.Build.0 = Release|Any CPU
		{E1528652-48B0-4F84-B25D-45F325D56EC9}.Debug|Any CPU.ActiveCfg = Debug|Any CPU
		{E1528652-48B0-4F84-B25D-45F325D56EC9}.Debug|Any CPU.Build.0 = Debug|Any CPU
		{E1528652-48B0-4F84-B25D-45F325D56EC9}.Release|Any CPU.ActiveCfg = Release|Any CPU
		{E1528652-48B0-4F84-B25D-45F325D56EC9}.Release|Any CPU.Build.0 = Release|Any CPU
		{22E1095A-A5F5-4570-A05D-21514A372539}.Debug|Any CPU.ActiveCfg = Debug|Any CPU
		{22E1095A-A5F5-4570-A05D-21514A372539}.Debug|Any CPU.Build.0 = Debug|Any CPU
		{22E1095A-A5F5-4570-A05D-21514A372539}.Release|Any CPU.ActiveCfg = Release|Any CPU
		{22E1095A-A5F5-4570-A05D-21514A372539}.Release|Any CPU.Build.0 = Release|Any CPU
		{C8269DA2-860C-47C8-A7BC-8F4FD3AF0581}.Debug|Any CPU.ActiveCfg = Debug|Any CPU
		{C8269DA2-860C-47C8-A7BC-8F4FD3AF0581}.Debug|Any CPU.Build.0 = Debug|Any CPU
		{C8269DA2-860C-47C8-A7BC-8F4FD3AF0581}.Release|Any CPU.ActiveCfg = Release|Any CPU
		{C8269DA2-860C-47C8-A7BC-8F4FD3AF0581}.Release|Any CPU.Build.0 = Release|Any CPU
		{63237416-4FEB-403A-87F1-DF746635CEC5}.Debug|Any CPU.ActiveCfg = Debug|Any CPU
		{63237416-4FEB-403A-87F1-DF746635CEC5}.Debug|Any CPU.Build.0 = Debug|Any CPU
		{63237416-4FEB-403A-87F1-DF746635CEC5}.Release|Any CPU.ActiveCfg = Release|Any CPU
		{63237416-4FEB-403A-87F1-DF746635CEC5}.Release|Any CPU.Build.0 = Release|Any CPU
		{BE9C4776-CC65-466F-AB6A-4DF6AA912378}.Debug|Any CPU.ActiveCfg = Debug|Any CPU
		{BE9C4776-CC65-466F-AB6A-4DF6AA912378}.Debug|Any CPU.Build.0 = Debug|Any CPU
		{BE9C4776-CC65-466F-AB6A-4DF6AA912378}.Release|Any CPU.ActiveCfg = Release|Any CPU
		{BE9C4776-CC65-466F-AB6A-4DF6AA912378}.Release|Any CPU.Build.0 = Release|Any CPU
		{B461CDC8-B0CE-457D-BD79-78690DF42BDC}.Debug|Any CPU.ActiveCfg = Debug|Any CPU
		{B461CDC8-B0CE-457D-BD79-78690DF42BDC}.Debug|Any CPU.Build.0 = Debug|Any CPU
		{B461CDC8-B0CE-457D-BD79-78690DF42BDC}.Release|Any CPU.ActiveCfg = Release|Any CPU
		{B461CDC8-B0CE-457D-BD79-78690DF42BDC}.Release|Any CPU.Build.0 = Release|Any CPU
	EndGlobalSection
	GlobalSection(SolutionProperties) = preSolution
		HideSolutionNode = FALSE
	EndGlobalSection
	GlobalSection(ExtensibilityGlobals) = postSolution
		SolutionGuid = {7832EBE2-E668-4EA2-8A78-F3247A30C0A1}
	EndGlobalSection
EndGlobal
