
Microsoft Visual Studio Solution File, Format Version 12.00
# Visual Studio Version 17
VisualStudioVersion = 17.7.34202.233
MinimumVisualStudioVersion = 10.0.40219.1
Project("{FAE04EC0-301F-11D3-BF4B-00C04F79EFBC}") = "01-Presentacion", "01-Presentacion\01-Presentacion.csproj", "{A2C31849-2241-4B56-94AF-5E662C177F58}"
EndProject
Global
	GlobalSection(SolutionConfigurationPlatforms) = preSolution
		Debug|Any CPU = Debug|Any CPU
		Release|Any CPU = Release|Any CPU
	EndGlobalSection
	GlobalSection(ProjectConfigurationPlatforms) = postSolution
		{A2C31849-2241-4B56-94AF-5E662C177F58}.Debug|Any CPU.ActiveCfg = Debug|Any CPU
		{A2C31849-2241-4B56-94AF-5E662C177F58}.Debug|Any CPU.Build.0 = Debug|Any CPU
		{A2C31849-2241-4B56-94AF-5E662C177F58}.Release|Any CPU.ActiveCfg = Release|Any CPU
		{A2C31849-2241-4B56-94AF-5E662C177F58}.Release|Any CPU.Build.0 = Release|Any CPU
	EndGlobalSection
	GlobalSection(SolutionProperties) = preSolution
		HideSolutionNode = FALSE
	EndGlobalSection
	GlobalSection(ExtensibilityGlobals) = postSolution
		SolutionGuid = {563255E7-CC71-4FF8-9642-EF3D67E92AE1}
	EndGlobalSection
EndGlobal
