
Microsoft Visual Studio Solution File, Format Version 12.00
# Visual Studio Version 17
VisualStudioVersion = 17.7.34202.233
MinimumVisualStudioVersion = 10.0.40219.1
Project("{FAE04EC0-301F-11D3-BF4B-00C04F79EFBC}") = "01-App", "01-App\01-App.csproj", "{EA18EAB1-EAFF-4194-8672-0EE3CADEBA2C}"
EndProject
Project("{FAE04EC0-301F-11D3-BF4B-00C04F79EFBC}") = "02-App", "..\02-App\02-App.csproj", "{5C654AD4-97A6-40D5-842F-3CD1B5BBD43A}"
EndProject
Project("{FAE04EC0-301F-11D3-BF4B-00C04F79EFBC}") = "03-App", "..\03-App\03-App.csproj", "{7F9D75BE-AF46-4F28-AE0E-48EDE000F048}"
EndProject
Project("{FAE04EC0-301F-11D3-BF4B-00C04F79EFBC}") = "04-App", "..\04-App\04-App.csproj", "{7055B251-18D9-4F37-896B-6C3F2BCEB127}"
EndProject
Project("{FAE04EC0-301F-11D3-BF4B-00C04F79EFBC}") = "05-App", "..\05-App\05-App.csproj", "{421C23F5-CE80-4D31-8719-ED720A970F98}"
EndProject
Project("{FAE04EC0-301F-11D3-BF4B-00C04F79EFBC}") = "06-App", "..\06-App\06-App.csproj", "{B86A2F4F-6D0A-4525-A9E2-B9F9105557D9}"
EndProject
Project("{FAE04EC0-301F-11D3-BF4B-00C04F79EFBC}") = "07-App", "..\07-App\07-App.csproj", "{9DCC2087-9CD9-406D-86F0-0726B9D20338}"
EndProject
Project("{FAE04EC0-301F-11D3-BF4B-00C04F79EFBC}") = "08-App", "..\08-App\08-App.csproj", "{1EE8A27A-6E86-4C6B-B59B-B7CBBE8F07E8}"
EndProject
Project("{FAE04EC0-301F-11D3-BF4B-00C04F79EFBC}") = "09-App", "..\09-App\09-App.csproj", "{76F12269-C5CF-49FA-AE43-219593D47736}"
EndProject
Project("{FAE04EC0-301F-11D3-BF4B-00C04F79EFBC}") = "10-App", "..\10-App\10-App.csproj", "{C52A307D-685A-4BD1-A5D1-BA1A593F1BEA}"
EndProject
Project("{FAE04EC0-301F-11D3-BF4B-00C04F79EFBC}") = "11-App", "..\11-App\11-App.csproj", "{2C562E99-8DFF-4A8F-8655-11CB7C20D62F}"
EndProject
Project("{FAE04EC0-301F-11D3-BF4B-00C04F79EFBC}") = "12-App", "..\12-App\12-App.csproj", "{3447FB7C-B636-4839-BB9F-BC8735E262EA}"
EndProject
Project("{FAE04EC0-301F-11D3-BF4B-00C04F79EFBC}") = "13-App", "..\13-App\13-App.csproj", "{65EBCBC9-51B6-4678-9576-BA3AAE4D65ED}"
EndProject
Project("{FAE04EC0-301F-11D3-BF4B-00C04F79EFBC}") = "14-App", "..\14-App\14-App.csproj", "{97A35C25-EC1D-498A-9341-5B957F7FFD08}"
EndProject
Project("{FAE04EC0-301F-11D3-BF4B-00C04F79EFBC}") = "15-App", "..\15-App\15-App.csproj", "{A71FE344-97B4-429E-B201-CACDA2B8ED3E}"
EndProject
Project("{FAE04EC0-301F-11D3-BF4B-00C04F79EFBC}") = "16-App", "..\16-App\16-App.csproj", "{58941B73-314D-4107-843C-3B8C845C1E7F}"
EndProject
Project("{FAE04EC0-301F-11D3-BF4B-00C04F79EFBC}") = "17-App", "..\17-App\17-App.csproj", "{DF38FC1B-4206-487E-B9FD-5551297254F7}"
EndProject
Project("{FAE04EC0-301F-11D3-BF4B-00C04F79EFBC}") = "18-App", "..\18-App\18-App.csproj", "{2570FB7C-D88C-477E-912D-815A3823EA19}"
EndProject
Project("{FAE04EC0-301F-11D3-BF4B-00C04F79EFBC}") = "19-App", "..\19-App\19-App.csproj", "{D4EF9781-5C06-4EF3-9C6A-C49B9C3ABCC6}"
EndProject
Project("{FAE04EC0-301F-11D3-BF4B-00C04F79EFBC}") = "20-App", "..\20-App\20-App.csproj", "{02588C09-68A2-4858-9236-39EFD4116AE6}"
EndProject
Project("{FAE04EC0-301F-11D3-BF4B-00C04F79EFBC}") = "21-App", "..\21-App\21-App.csproj", "{2993530D-7F42-4559-943B-29A250A17034}"
EndProject
Project("{FAE04EC0-301F-11D3-BF4B-00C04F79EFBC}") = "22-App", "..\22-App\22-App.csproj", "{D2D6F8AC-5BF7-4DFB-BA4E-75805BCEDF74}"
EndProject
Global
	GlobalSection(SolutionConfigurationPlatforms) = preSolution
		Debug|Any CPU = Debug|Any CPU
		Release|Any CPU = Release|Any CPU
	EndGlobalSection
	GlobalSection(ProjectConfigurationPlatforms) = postSolution
		{EA18EAB1-EAFF-4194-8672-0EE3CADEBA2C}.Debug|Any CPU.ActiveCfg = Debug|Any CPU
		{EA18EAB1-EAFF-4194-8672-0EE3CADEBA2C}.Debug|Any CPU.Build.0 = Debug|Any CPU
		{EA18EAB1-EAFF-4194-8672-0EE3CADEBA2C}.Release|Any CPU.ActiveCfg = Release|Any CPU
		{EA18EAB1-EAFF-4194-8672-0EE3CADEBA2C}.Release|Any CPU.Build.0 = Release|Any CPU
		{5C654AD4-97A6-40D5-842F-3CD1B5BBD43A}.Debug|Any CPU.ActiveCfg = Debug|Any CPU
		{5C654AD4-97A6-40D5-842F-3CD1B5BBD43A}.Debug|Any CPU.Build.0 = Debug|Any CPU
		{5C654AD4-97A6-40D5-842F-3CD1B5BBD43A}.Release|Any CPU.ActiveCfg = Release|Any CPU
		{5C654AD4-97A6-40D5-842F-3CD1B5BBD43A}.Release|Any CPU.Build.0 = Release|Any CPU
		{7F9D75BE-AF46-4F28-AE0E-48EDE000F048}.Debug|Any CPU.ActiveCfg = Debug|Any CPU
		{7F9D75BE-AF46-4F28-AE0E-48EDE000F048}.Debug|Any CPU.Build.0 = Debug|Any CPU
		{7F9D75BE-AF46-4F28-AE0E-48EDE000F048}.Release|Any CPU.ActiveCfg = Release|Any CPU
		{7F9D75BE-AF46-4F28-AE0E-48EDE000F048}.Release|Any CPU.Build.0 = Release|Any CPU
		{7055B251-18D9-4F37-896B-6C3F2BCEB127}.Debug|Any CPU.ActiveCfg = Debug|Any CPU
		{7055B251-18D9-4F37-896B-6C3F2BCEB127}.Debug|Any CPU.Build.0 = Debug|Any CPU
		{7055B251-18D9-4F37-896B-6C3F2BCEB127}.Release|Any CPU.ActiveCfg = Release|Any CPU
		{7055B251-18D9-4F37-896B-6C3F2BCEB127}.Release|Any CPU.Build.0 = Release|Any CPU
		{421C23F5-CE80-4D31-8719-ED720A970F98}.Debug|Any CPU.ActiveCfg = Debug|Any CPU
		{421C23F5-CE80-4D31-8719-ED720A970F98}.Debug|Any CPU.Build.0 = Debug|Any CPU
		{421C23F5-CE80-4D31-8719-ED720A970F98}.Release|Any CPU.ActiveCfg = Release|Any CPU
		{421C23F5-CE80-4D31-8719-ED720A970F98}.Release|Any CPU.Build.0 = Release|Any CPU
		{B86A2F4F-6D0A-4525-A9E2-B9F9105557D9}.Debug|Any CPU.ActiveCfg = Debug|Any CPU
		{B86A2F4F-6D0A-4525-A9E2-B9F9105557D9}.Debug|Any CPU.Build.0 = Debug|Any CPU
		{B86A2F4F-6D0A-4525-A9E2-B9F9105557D9}.Release|Any CPU.ActiveCfg = Release|Any CPU
		{B86A2F4F-6D0A-4525-A9E2-B9F9105557D9}.Release|Any CPU.Build.0 = Release|Any CPU
		{9DCC2087-9CD9-406D-86F0-0726B9D20338}.Debug|Any CPU.ActiveCfg = Debug|Any CPU
		{9DCC2087-9CD9-406D-86F0-0726B9D20338}.Debug|Any CPU.Build.0 = Debug|Any CPU
		{9DCC2087-9CD9-406D-86F0-0726B9D20338}.Release|Any CPU.ActiveCfg = Release|Any CPU
		{9DCC2087-9CD9-406D-86F0-0726B9D20338}.Release|Any CPU.Build.0 = Release|Any CPU
		{1EE8A27A-6E86-4C6B-B59B-B7CBBE8F07E8}.Debug|Any CPU.ActiveCfg = Debug|Any CPU
		{1EE8A27A-6E86-4C6B-B59B-B7CBBE8F07E8}.Debug|Any CPU.Build.0 = Debug|Any CPU
		{1EE8A27A-6E86-4C6B-B59B-B7CBBE8F07E8}.Release|Any CPU.ActiveCfg = Release|Any CPU
		{1EE8A27A-6E86-4C6B-B59B-B7CBBE8F07E8}.Release|Any CPU.Build.0 = Release|Any CPU
		{76F12269-C5CF-49FA-AE43-219593D47736}.Debug|Any CPU.ActiveCfg = Debug|Any CPU
		{76F12269-C5CF-49FA-AE43-219593D47736}.Debug|Any CPU.Build.0 = Debug|Any CPU
		{76F12269-C5CF-49FA-AE43-219593D47736}.Release|Any CPU.ActiveCfg = Release|Any CPU
		{76F12269-C5CF-49FA-AE43-219593D47736}.Release|Any CPU.Build.0 = Release|Any CPU
		{C52A307D-685A-4BD1-A5D1-BA1A593F1BEA}.Debug|Any CPU.ActiveCfg = Debug|Any CPU
		{C52A307D-685A-4BD1-A5D1-BA1A593F1BEA}.Debug|Any CPU.Build.0 = Debug|Any CPU
		{C52A307D-685A-4BD1-A5D1-BA1A593F1BEA}.Release|Any CPU.ActiveCfg = Release|Any CPU
		{C52A307D-685A-4BD1-A5D1-BA1A593F1BEA}.Release|Any CPU.Build.0 = Release|Any CPU
		{2C562E99-8DFF-4A8F-8655-11CB7C20D62F}.Debug|Any CPU.ActiveCfg = Debug|Any CPU
		{2C562E99-8DFF-4A8F-8655-11CB7C20D62F}.Debug|Any CPU.Build.0 = Debug|Any CPU
		{2C562E99-8DFF-4A8F-8655-11CB7C20D62F}.Release|Any CPU.ActiveCfg = Release|Any CPU
		{2C562E99-8DFF-4A8F-8655-11CB7C20D62F}.Release|Any CPU.Build.0 = Release|Any CPU
		{3447FB7C-B636-4839-BB9F-BC8735E262EA}.Debug|Any CPU.ActiveCfg = Debug|Any CPU
		{3447FB7C-B636-4839-BB9F-BC8735E262EA}.Debug|Any CPU.Build.0 = Debug|Any CPU
		{3447FB7C-B636-4839-BB9F-BC8735E262EA}.Release|Any CPU.ActiveCfg = Release|Any CPU
		{3447FB7C-B636-4839-BB9F-BC8735E262EA}.Release|Any CPU.Build.0 = Release|Any CPU
		{65EBCBC9-51B6-4678-9576-BA3AAE4D65ED}.Debug|Any CPU.ActiveCfg = Debug|Any CPU
		{65EBCBC9-51B6-4678-9576-BA3AAE4D65ED}.Debug|Any CPU.Build.0 = Debug|Any CPU
		{65EBCBC9-51B6-4678-9576-BA3AAE4D65ED}.Release|Any CPU.ActiveCfg = Release|Any CPU
		{65EBCBC9-51B6-4678-9576-BA3AAE4D65ED}.Release|Any CPU.Build.0 = Release|Any CPU
		{97A35C25-EC1D-498A-9341-5B957F7FFD08}.Debug|Any CPU.ActiveCfg = Debug|Any CPU
		{97A35C25-EC1D-498A-9341-5B957F7FFD08}.Debug|Any CPU.Build.0 = Debug|Any CPU
		{97A35C25-EC1D-498A-9341-5B957F7FFD08}.Release|Any CPU.ActiveCfg = Release|Any CPU
		{97A35C25-EC1D-498A-9341-5B957F7FFD08}.Release|Any CPU.Build.0 = Release|Any CPU
		{A71FE344-97B4-429E-B201-CACDA2B8ED3E}.Debug|Any CPU.ActiveCfg = Debug|Any CPU
		{A71FE344-97B4-429E-B201-CACDA2B8ED3E}.Debug|Any CPU.Build.0 = Debug|Any CPU
		{A71FE344-97B4-429E-B201-CACDA2B8ED3E}.Release|Any CPU.ActiveCfg = Release|Any CPU
		{A71FE344-97B4-429E-B201-CACDA2B8ED3E}.Release|Any CPU.Build.0 = Release|Any CPU
		{58941B73-314D-4107-843C-3B8C845C1E7F}.Debug|Any CPU.ActiveCfg = Debug|Any CPU
		{58941B73-314D-4107-843C-3B8C845C1E7F}.Debug|Any CPU.Build.0 = Debug|Any CPU
		{58941B73-314D-4107-843C-3B8C845C1E7F}.Release|Any CPU.ActiveCfg = Release|Any CPU
		{58941B73-314D-4107-843C-3B8C845C1E7F}.Release|Any CPU.Build.0 = Release|Any CPU
		{DF38FC1B-4206-487E-B9FD-5551297254F7}.Debug|Any CPU.ActiveCfg = Debug|Any CPU
		{DF38FC1B-4206-487E-B9FD-5551297254F7}.Debug|Any CPU.Build.0 = Debug|Any CPU
		{DF38FC1B-4206-487E-B9FD-5551297254F7}.Release|Any CPU.ActiveCfg = Release|Any CPU
		{DF38FC1B-4206-487E-B9FD-5551297254F7}.Release|Any CPU.Build.0 = Release|Any CPU
		{2570FB7C-D88C-477E-912D-815A3823EA19}.Debug|Any CPU.ActiveCfg = Debug|Any CPU
		{2570FB7C-D88C-477E-912D-815A3823EA19}.Debug|Any CPU.Build.0 = Debug|Any CPU
		{2570FB7C-D88C-477E-912D-815A3823EA19}.Release|Any CPU.ActiveCfg = Release|Any CPU
		{2570FB7C-D88C-477E-912D-815A3823EA19}.Release|Any CPU.Build.0 = Release|Any CPU
		{D4EF9781-5C06-4EF3-9C6A-C49B9C3ABCC6}.Debug|Any CPU.ActiveCfg = Debug|Any CPU
		{D4EF9781-5C06-4EF3-9C6A-C49B9C3ABCC6}.Debug|Any CPU.Build.0 = Debug|Any CPU
		{D4EF9781-5C06-4EF3-9C6A-C49B9C3ABCC6}.Release|Any CPU.ActiveCfg = Release|Any CPU
		{D4EF9781-5C06-4EF3-9C6A-C49B9C3ABCC6}.Release|Any CPU.Build.0 = Release|Any CPU
		{02588C09-68A2-4858-9236-39EFD4116AE6}.Debug|Any CPU.ActiveCfg = Debug|Any CPU
		{02588C09-68A2-4858-9236-39EFD4116AE6}.Debug|Any CPU.Build.0 = Debug|Any CPU
		{02588C09-68A2-4858-9236-39EFD4116AE6}.Release|Any CPU.ActiveCfg = Release|Any CPU
		{02588C09-68A2-4858-9236-39EFD4116AE6}.Release|Any CPU.Build.0 = Release|Any CPU
		{2993530D-7F42-4559-943B-29A250A17034}.Debug|Any CPU.ActiveCfg = Debug|Any CPU
		{2993530D-7F42-4559-943B-29A250A17034}.Debug|Any CPU.Build.0 = Debug|Any CPU
		{2993530D-7F42-4559-943B-29A250A17034}.Release|Any CPU.ActiveCfg = Release|Any CPU
		{2993530D-7F42-4559-943B-29A250A17034}.Release|Any CPU.Build.0 = Release|Any CPU
		{D2D6F8AC-5BF7-4DFB-BA4E-75805BCEDF74}.Debug|Any CPU.ActiveCfg = Debug|Any CPU
		{D2D6F8AC-5BF7-4DFB-BA4E-75805BCEDF74}.Debug|Any CPU.Build.0 = Debug|Any CPU
		{D2D6F8AC-5BF7-4DFB-BA4E-75805BCEDF74}.Release|Any CPU.ActiveCfg = Release|Any CPU
		{D2D6F8AC-5BF7-4DFB-BA4E-75805BCEDF74}.Release|Any CPU.Build.0 = Release|Any CPU
	EndGlobalSection
	GlobalSection(SolutionProperties) = preSolution
		HideSolutionNode = FALSE
	EndGlobalSection
	GlobalSection(ExtensibilityGlobals) = postSolution
		SolutionGuid = {45089899-9C3F-4CE8-A6E7-83B3140C8C60}
	EndGlobalSection
EndGlobal
