
Microsoft Visual Studio Solution File, Format Version 12.00
# Visual Studio Version 17
VisualStudioVersion = 17.7.34202.233
MinimumVisualStudioVersion = 10.0.40219.1
Project("{FAE04EC0-301F-11D3-BF4B-00C04F79EFBC}") = "01-App", "01-App\01-App.csproj", "{8D2A5351-48F2-40E0-A1E0-EA2A181BB88E}"
EndProject
Project("{FAE04EC0-301F-11D3-BF4B-00C04F79EFBC}") = "02-App", "..\02-App\02-App.csproj", "{1E64C347-9F50-465F-AC5B-86250B5A9B2E}"
EndProject
Project("{FAE04EC0-301F-11D3-BF4B-00C04F79EFBC}") = "03-App", "..\03-App\03-App.csproj", "{77DA66A6-D693-46AB-855C-88E819513120}"
EndProject
Global
	GlobalSection(SolutionConfigurationPlatforms) = preSolution
		Debug|Any CPU = Debug|Any CPU
		Release|Any CPU = Release|Any CPU
	EndGlobalSection
	GlobalSection(ProjectConfigurationPlatforms) = postSolution
		{8D2A5351-48F2-40E0-A1E0-EA2A181BB88E}.Debug|Any CPU.ActiveCfg = Debug|Any CPU
		{8D2A5351-48F2-40E0-A1E0-EA2A181BB88E}.Debug|Any CPU.Build.0 = Debug|Any CPU
		{8D2A5351-48F2-40E0-A1E0-EA2A181BB88E}.Release|Any CPU.ActiveCfg = Release|Any CPU
		{8D2A5351-48F2-40E0-A1E0-EA2A181BB88E}.Release|Any CPU.Build.0 = Release|Any CPU
		{1E64C347-9F50-465F-AC5B-86250B5A9B2E}.Debug|Any CPU.ActiveCfg = Debug|Any CPU
		{1E64C347-9F50-465F-AC5B-86250B5A9B2E}.Debug|Any CPU.Build.0 = Debug|Any CPU
		{1E64C347-9F50-465F-AC5B-86250B5A9B2E}.Release|Any CPU.ActiveCfg = Release|Any CPU
		{1E64C347-9F50-465F-AC5B-86250B5A9B2E}.Release|Any CPU.Build.0 = Release|Any CPU
		{77DA66A6-D693-46AB-855C-88E819513120}.Debug|Any CPU.ActiveCfg = Debug|Any CPU
		{77DA66A6-D693-46AB-855C-88E819513120}.Debug|Any CPU.Build.0 = Debug|Any CPU
		{77DA66A6-D693-46AB-855C-88E819513120}.Release|Any CPU.ActiveCfg = Release|Any CPU
		{77DA66A6-D693-46AB-855C-88E819513120}.Release|Any CPU.Build.0 = Release|Any CPU
	EndGlobalSection
	GlobalSection(SolutionProperties) = preSolution
		HideSolutionNode = FALSE
	EndGlobalSection
	GlobalSection(ExtensibilityGlobals) = postSolution
		SolutionGuid = {A36E0F26-BB9F-494E-A838-E7B84E688C17}
	EndGlobalSection
EndGlobal
