
Microsoft Visual Studio Solution File, Format Version 12.00
# Visual Studio Version 17
VisualStudioVersion = 17.7.34202.233
MinimumVisualStudioVersion = 10.0.40219.1
Project("{FAE04EC0-301F-11D3-BF4B-00C04F79EFBC}") = "01-App", "01-App\01-App.csproj", "{37EDF307-43D3-4A86-B1C8-462DA4F6A9D8}"
EndProject
Project("{FAE04EC0-301F-11D3-BF4B-00C04F79EFBC}") = "02-App", "..\02-App\02-App.csproj", "{2116D9B6-F295-4C1C-9B27-05DC3B32394B}"
EndProject
Project("{FAE04EC0-301F-11D3-BF4B-00C04F79EFBC}") = "03-App", "..\03-App\03-App.csproj", "{F695F124-0270-4EA7-AF4B-0F26E13F2F80}"
EndProject
Project("{FAE04EC0-301F-11D3-BF4B-00C04F79EFBC}") = "04-App", "..\04-App\04-App.csproj", "{C99AF498-E91C-4A9D-9BF3-51CABE7BFEC5}"
EndProject
Project("{FAE04EC0-301F-11D3-BF4B-00C04F79EFBC}") = "05-App", "..\05-App\05-App.csproj", "{1468469B-F3EF-4614-A374-B40421EABF0F}"
EndProject
Project("{FAE04EC0-301F-11D3-BF4B-00C04F79EFBC}") = "06-App", "..\06-App\06-App.csproj", "{2015F99B-6BEC-4439-A2D8-A2E53ADF8DF0}"
EndProject
Project("{FAE04EC0-301F-11D3-BF4B-00C04F79EFBC}") = "09-App", "..\09-App\09-App.csproj", "{417D6F53-F05B-4F53-8CBA-8EBEB846AF29}"
EndProject
Project("{FAE04EC0-301F-11D3-BF4B-00C04F79EFBC}") = "11-App", "..\11-App\11-App.csproj", "{A8979206-0FE5-45C9-9C5C-D1D4A39B3682}"
EndProject
Project("{FAE04EC0-301F-11D3-BF4B-00C04F79EFBC}") = "07-App", "..\07-App\07-App.csproj", "{FFC5223E-F00D-4421-B930-6178778754D9}"
EndProject
Project("{FAE04EC0-301F-11D3-BF4B-00C04F79EFBC}") = "08-App", "..\08-App\08-App.csproj", "{9A4F5F74-C937-4745-8E43-FC84792D948F}"
EndProject
Project("{FAE04EC0-301F-11D3-BF4B-00C04F79EFBC}") = "10-App", "..\10-App\10-App.csproj", "{698119A7-3898-43F6-8A0E-5231E577B460}"
EndProject
Project("{FAE04EC0-301F-11D3-BF4B-00C04F79EFBC}") = "Tarea#1", "..\Tarea#1\Tarea#1.csproj", "{D4027CB4-65F1-476C-AF02-FE83A8E5FFD6}"
EndProject
Project("{FAE04EC0-301F-11D3-BF4B-00C04F79EFBC}") = "Tarea#2", "..\Tarea#2\Tarea#2.csproj", "{46EEB7EF-A368-4594-9BCF-591857B18611}"
EndProject
Project("{FAE04EC0-301F-11D3-BF4B-00C04F79EFBC}") = "Tarea#3", "..\Tarea#3\Tarea#3.csproj", "{B88A0196-B79C-4B18-8585-21FA14972CEA}"
EndProject
Global
	GlobalSection(SolutionConfigurationPlatforms) = preSolution
		Debug|Any CPU = Debug|Any CPU
		Release|Any CPU = Release|Any CPU
	EndGlobalSection
	GlobalSection(ProjectConfigurationPlatforms) = postSolution
		{37EDF307-43D3-4A86-B1C8-462DA4F6A9D8}.Debug|Any CPU.ActiveCfg = Debug|Any CPU
		{37EDF307-43D3-4A86-B1C8-462DA4F6A9D8}.Debug|Any CPU.Build.0 = Debug|Any CPU
		{37EDF307-43D3-4A86-B1C8-462DA4F6A9D8}.Release|Any CPU.ActiveCfg = Release|Any CPU
		{37EDF307-43D3-4A86-B1C8-462DA4F6A9D8}.Release|Any CPU.Build.0 = Release|Any CPU
		{2116D9B6-F295-4C1C-9B27-05DC3B32394B}.Debug|Any CPU.ActiveCfg = Debug|Any CPU
		{2116D9B6-F295-4C1C-9B27-05DC3B32394B}.Debug|Any CPU.Build.0 = Debug|Any CPU
		{2116D9B6-F295-4C1C-9B27-05DC3B32394B}.Release|Any CPU.ActiveCfg = Release|Any CPU
		{2116D9B6-F295-4C1C-9B27-05DC3B32394B}.Release|Any CPU.Build.0 = Release|Any CPU
		{F695F124-0270-4EA7-AF4B-0F26E13F2F80}.Debug|Any CPU.ActiveCfg = Debug|Any CPU
		{F695F124-0270-4EA7-AF4B-0F26E13F2F80}.Debug|Any CPU.Build.0 = Debug|Any CPU
		{F695F124-0270-4EA7-AF4B-0F26E13F2F80}.Release|Any CPU.ActiveCfg = Release|Any CPU
		{F695F124-0270-4EA7-AF4B-0F26E13F2F80}.Release|Any CPU.Build.0 = Release|Any CPU
		{C99AF498-E91C-4A9D-9BF3-51CABE7BFEC5}.Debug|Any CPU.ActiveCfg = Debug|Any CPU
		{C99AF498-E91C-4A9D-9BF3-51CABE7BFEC5}.Debug|Any CPU.Build.0 = Debug|Any CPU
		{C99AF498-E91C-4A9D-9BF3-51CABE7BFEC5}.Release|Any CPU.ActiveCfg = Release|Any CPU
		{C99AF498-E91C-4A9D-9BF3-51CABE7BFEC5}.Release|Any CPU.Build.0 = Release|Any CPU
		{1468469B-F3EF-4614-A374-B40421EABF0F}.Debug|Any CPU.ActiveCfg = Debug|Any CPU
		{1468469B-F3EF-4614-A374-B40421EABF0F}.Debug|Any CPU.Build.0 = Debug|Any CPU
		{1468469B-F3EF-4614-A374-B40421EABF0F}.Release|Any CPU.ActiveCfg = Release|Any CPU
		{1468469B-F3EF-4614-A374-B40421EABF0F}.Release|Any CPU.Build.0 = Release|Any CPU
		{2015F99B-6BEC-4439-A2D8-A2E53ADF8DF0}.Debug|Any CPU.ActiveCfg = Debug|Any CPU
		{2015F99B-6BEC-4439-A2D8-A2E53ADF8DF0}.Debug|Any CPU.Build.0 = Debug|Any CPU
		{2015F99B-6BEC-4439-A2D8-A2E53ADF8DF0}.Release|Any CPU.ActiveCfg = Release|Any CPU
		{2015F99B-6BEC-4439-A2D8-A2E53ADF8DF0}.Release|Any CPU.Build.0 = Release|Any CPU
		{417D6F53-F05B-4F53-8CBA-8EBEB846AF29}.Debug|Any CPU.ActiveCfg = Debug|Any CPU
		{417D6F53-F05B-4F53-8CBA-8EBEB846AF29}.Debug|Any CPU.Build.0 = Debug|Any CPU
		{417D6F53-F05B-4F53-8CBA-8EBEB846AF29}.Release|Any CPU.ActiveCfg = Release|Any CPU
		{417D6F53-F05B-4F53-8CBA-8EBEB846AF29}.Release|Any CPU.Build.0 = Release|Any CPU
		{A8979206-0FE5-45C9-9C5C-D1D4A39B3682}.Debug|Any CPU.ActiveCfg = Debug|Any CPU
		{A8979206-0FE5-45C9-9C5C-D1D4A39B3682}.Debug|Any CPU.Build.0 = Debug|Any CPU
		{A8979206-0FE5-45C9-9C5C-D1D4A39B3682}.Release|Any CPU.ActiveCfg = Release|Any CPU
		{A8979206-0FE5-45C9-9C5C-D1D4A39B3682}.Release|Any CPU.Build.0 = Release|Any CPU
		{FFC5223E-F00D-4421-B930-6178778754D9}.Debug|Any CPU.ActiveCfg = Debug|Any CPU
		{FFC5223E-F00D-4421-B930-6178778754D9}.Debug|Any CPU.Build.0 = Debug|Any CPU
		{FFC5223E-F00D-4421-B930-6178778754D9}.Release|Any CPU.ActiveCfg = Release|Any CPU
		{FFC5223E-F00D-4421-B930-6178778754D9}.Release|Any CPU.Build.0 = Release|Any CPU
		{9A4F5F74-C937-4745-8E43-FC84792D948F}.Debug|Any CPU.ActiveCfg = Debug|Any CPU
		{9A4F5F74-C937-4745-8E43-FC84792D948F}.Debug|Any CPU.Build.0 = Debug|Any CPU
		{9A4F5F74-C937-4745-8E43-FC84792D948F}.Release|Any CPU.ActiveCfg = Release|Any CPU
		{9A4F5F74-C937-4745-8E43-FC84792D948F}.Release|Any CPU.Build.0 = Release|Any CPU
		{698119A7-3898-43F6-8A0E-5231E577B460}.Debug|Any CPU.ActiveCfg = Debug|Any CPU
		{698119A7-3898-43F6-8A0E-5231E577B460}.Debug|Any CPU.Build.0 = Debug|Any CPU
		{698119A7-3898-43F6-8A0E-5231E577B460}.Release|Any CPU.ActiveCfg = Release|Any CPU
		{698119A7-3898-43F6-8A0E-5231E577B460}.Release|Any CPU.Build.0 = Release|Any CPU
		{D4027CB4-65F1-476C-AF02-FE83A8E5FFD6}.Debug|Any CPU.ActiveCfg = Debug|Any CPU
		{D4027CB4-65F1-476C-AF02-FE83A8E5FFD6}.Debug|Any CPU.Build.0 = Debug|Any CPU
		{D4027CB4-65F1-476C-AF02-FE83A8E5FFD6}.Release|Any CPU.ActiveCfg = Release|Any CPU
		{D4027CB4-65F1-476C-AF02-FE83A8E5FFD6}.Release|Any CPU.Build.0 = Release|Any CPU
		{46EEB7EF-A368-4594-9BCF-591857B18611}.Debug|Any CPU.ActiveCfg = Debug|Any CPU
		{46EEB7EF-A368-4594-9BCF-591857B18611}.Debug|Any CPU.Build.0 = Debug|Any CPU
		{46EEB7EF-A368-4594-9BCF-591857B18611}.Release|Any CPU.ActiveCfg = Release|Any CPU
		{46EEB7EF-A368-4594-9BCF-591857B18611}.Release|Any CPU.Build.0 = Release|Any CPU
		{B88A0196-B79C-4B18-8585-21FA14972CEA}.Debug|Any CPU.ActiveCfg = Debug|Any CPU
		{B88A0196-B79C-4B18-8585-21FA14972CEA}.Debug|Any CPU.Build.0 = Debug|Any CPU
		{B88A0196-B79C-4B18-8585-21FA14972CEA}.Release|Any CPU.ActiveCfg = Release|Any CPU
		{B88A0196-B79C-4B18-8585-21FA14972CEA}.Release|Any CPU.Build.0 = Release|Any CPU
	EndGlobalSection
	GlobalSection(SolutionProperties) = preSolution
		HideSolutionNode = FALSE
	EndGlobalSection
	GlobalSection(ExtensibilityGlobals) = postSolution
		SolutionGuid = {F9133EEB-E211-4CE6-A121-85455390C3A6}
	EndGlobalSection
EndGlobal
